
Microsoft Visual Studio Solution File, Format Version 12.00
# Visual Studio Version 16
VisualStudioVersion = 16.0.33927.289
MinimumVisualStudioVersion = 10.0.40219.1
Project("{2150E333-8FDC-42A3-9474-1A3956D46DE8}") = "Task0", "Task0", "{2ED1BEE1-9F97-49FD-974E-933A60701D03}"
EndProject
Project("{FAE04EC0-301F-11D3-BF4B-00C04F79EFBC}") = "Tyuiu.PopkovSV.Sprint5.Task0.V14", "Tyuiu.PopkovSV.Sprint5.Task0.V14\Tyuiu.PopkovSV.Sprint5.Task0.V14.csproj", "{E8C271DF-8FC8-4E4F-AB0C-C910C9238CAD}"
EndProject
Project("{FAE04EC0-301F-11D3-BF4B-00C04F79EFBC}") = "Tyuiu.PopkovSV.Sprint5.Task0.V14.Lib", "Tyuiu.PopkovSV.Sprint5.Task0.V14.Lib\Tyuiu.PopkovSV.Sprint5.Task0.V14.Lib.csproj", "{90AD9991-8D84-4FED-B129-4E95087FE0F8}"
EndProject
Project("{FAE04EC0-301F-11D3-BF4B-00C04F79EFBC}") = "Tyuiu.PopkovSV.Sprint5.Task0.V14.Test", "Tyuiu.PopkovSV.Sprint5.Task0.V14.Test\Tyuiu.PopkovSV.Sprint5.Task0.V14.Test.csproj", "{385B4A98-566F-459B-A3CA-2203DC3E0909}"
EndProject
Project("{2150E333-8FDC-42A3-9474-1A3956D46DE8}") = "Task1", "Task1", "{D2905078-1202-40EF-BEEB-4AB849C5A6C9}"
EndProject
Project("{FAE04EC0-301F-11D3-BF4B-00C04F79EFBC}") = "Tyuiu.PopkovSV.Sprint5.Task1.V13", "Tyuiu.PopkovSV.Sprint5.Task1.V13\Tyuiu.PopkovSV.Sprint5.Task1.V13.csproj", "{2C807959-CFD2-48D4-9D4C-7412513583F1}"
EndProject
Project("{FAE04EC0-301F-11D3-BF4B-00C04F79EFBC}") = "Tyuiu.PopkovSV.Sprint5.Task1.V13.Lib", "Tyuiu.PopkovSV.Sprint5.Task1.V13.Lib\Tyuiu.PopkovSV.Sprint5.Task1.V13.Lib.csproj", "{36AF3444-4E02-4021-8DD0-167AD63DF46A}"
EndProject
Project("{FAE04EC0-301F-11D3-BF4B-00C04F79EFBC}") = "Tyuiu.PopkovSV.Sprint5.Task1.V13.Test", "Tyuiu.PopkovSV.Sprint5.Task1.V13.Test\Tyuiu.PopkovSV.Sprint5.Task1.V13.Test.csproj", "{23DB9ED1-60C6-4B47-996A-72C891EDF450}"
EndProject
Project("{2150E333-8FDC-42A3-9474-1A3956D46DE8}") = "Task2", "Task2", "{B910C84D-8C95-4850-962D-A589C087549F}"
EndProject
Project("{FAE04EC0-301F-11D3-BF4B-00C04F79EFBC}") = "Tyuiu.PopkovSV.Sprint5.Task2.V18", "Tyuiu.PopkovSV.Sprint5.Task2.V18\Tyuiu.PopkovSV.Sprint5.Task2.V18.csproj", "{7B15006D-64D5-427E-8A06-154B64F429A0}"
EndProject
Project("{FAE04EC0-301F-11D3-BF4B-00C04F79EFBC}") = "Tyuiu.PopkovSV.Sprint5.Task2.V18.Lib", "Tyuiu.PopkovSV.Sprint5.Task2.V18.Lib\Tyuiu.PopkovSV.Sprint5.Task2.V18.Lib.csproj", "{D0457D2B-898E-41B6-881D-BB78A9833416}"
EndProject
Project("{FAE04EC0-301F-11D3-BF4B-00C04F79EFBC}") = "Tyuiu.PopkovSV.Sprint5.Task2.V18.Test", "Tyuiu.PopkovSV.Sprint5.Task2.V18.Test\Tyuiu.PopkovSV.Sprint5.Task2.V18.Test.csproj", "{E14C36A9-F843-472D-8169-2C547D74864A}"
EndProject
Project("{2150E333-8FDC-42A3-9474-1A3956D46DE8}") = "Task3", "Task3", "{673BB383-8743-404F-9B69-F2397B405840}"
EndProject
Project("{FAE04EC0-301F-11D3-BF4B-00C04F79EFBC}") = "Tyuiu.PopkovSV.Sprint5.Task3.V21", "Tyuiu.PopkovSV.Sprint5.Task3.V21\Tyuiu.PopkovSV.Sprint5.Task3.V21.csproj", "{639D4F46-07A8-4D50-90C9-2C478F62E586}"
EndProject
Project("{FAE04EC0-301F-11D3-BF4B-00C04F79EFBC}") = "Tyuiu.PopkovSV.Sprint5.Task3.V21.Lib", "Tyuiu.PopkovSV.Sprint5.Task3.V21.Lib\Tyuiu.PopkovSV.Sprint5.Task3.V21.Lib.csproj", "{557675BC-D9C1-41BC-A78D-D23BB5630A01}"
EndProject
Project("{FAE04EC0-301F-11D3-BF4B-00C04F79EFBC}") = "Tyuiu.PopkovSV.Sprint5.Task3.V21.Test", "Tyuiu.PopkovSV.Sprint5.Task3.V21.Test\Tyuiu.PopkovSV.Sprint5.Task3.V21.Test.csproj", "{EDA38475-424C-4EB5-9A29-03B78E9ABCC0}"
EndProject
Project("{2150E333-8FDC-42A3-9474-1A3956D46DE8}") = "Task4", "Task4", "{FCED59C9-7440-45EA-AF45-97EE0223B338}"
EndProject
Project("{FAE04EC0-301F-11D3-BF4B-00C04F79EFBC}") = "Tyuiu.PopkovSV.Sprint5.Task4.V7", "Tyuiu.PopkovSV.Sprint5.Task4.V7\Tyuiu.PopkovSV.Sprint5.Task4.V7.csproj", "{49E04EF0-DC80-408F-8426-CFA3024DFFD2}"
EndProject
Project("{FAE04EC0-301F-11D3-BF4B-00C04F79EFBC}") = "Tyuiu.PopkovSV.Sprint5.Task4.V7.Lib", "Tyuiu.PopkovSV.Sprint5.Task4.V7.Lib\Tyuiu.PopkovSV.Sprint5.Task4.V7.Lib.csproj", "{82D89510-4566-4600-80BE-EA57FED6846A}"
EndProject
Project("{FAE04EC0-301F-11D3-BF4B-00C04F79EFBC}") = "Tyuiu.PopkovSV.Sprint5.Task4.V7.Test", "Tyuiu.PopkovSV.Sprint5.Task4.V7.Test\Tyuiu.PopkovSV.Sprint5.Task4.V7.Test.csproj", "{6280C706-4F25-49CC-8AF4-0D9C35EE53DB}"
EndProject
Project("{2150E333-8FDC-42A3-9474-1A3956D46DE8}") = "Task5", "Task5", "{87348EE4-C947-4CB2-9B77-A3D5C230A2E6}"
EndProject
Project("{FAE04EC0-301F-11D3-BF4B-00C04F79EFBC}") = "Tyuiu.PopkovSV.Sprint5.Task5.V16", "Tyuiu.PopkovSV.Sprint5.Task5.V16\Tyuiu.PopkovSV.Sprint5.Task5.V16.csproj", "{613C5309-8D44-4792-9102-A803354E3AAE}"
EndProject
Project("{FAE04EC0-301F-11D3-BF4B-00C04F79EFBC}") = "Tyuiu.PopkovSV.Sprint5.Task5.V16.Lib", "Tyuiu.PopkovSV.Sprint5.Task5.V16.Lib\Tyuiu.PopkovSV.Sprint5.Task5.V16.Lib.csproj", "{6E1948D2-F1BC-45B8-9437-51793FD16083}"
EndProject
Project("{FAE04EC0-301F-11D3-BF4B-00C04F79EFBC}") = "Tyuiu.PopkovSV.Sprint5.Task5.V16.Test", "Tyuiu.PopkovSV.Sprint5.Task5.V16.Test\Tyuiu.PopkovSV.Sprint5.Task5.V16.Test.csproj", "{F412F76F-E9A3-4592-8E56-8C32A16E377B}"
EndProject
Project("{2150E333-8FDC-42A3-9474-1A3956D46DE8}") = "Task6", "Task6", "{BBE143E8-D3CB-4482-A9D5-D1F8CDAA78E8}"
EndProject
Project("{FAE04EC0-301F-11D3-BF4B-00C04F79EFBC}") = "Tyuiu.PopkovSV.Sprint5.Task6.V26", "Tyuiu.PopkovSV.Sprint5.Task6.V26\Tyuiu.PopkovSV.Sprint5.Task6.V26.csproj", "{17117474-EC43-423C-8159-689CB59242EE}"
EndProject
Project("{FAE04EC0-301F-11D3-BF4B-00C04F79EFBC}") = "Tyuiu.PopkovSV.Sprint5.Task6.V26.Lib", "Tyuiu.PopkovSV.Sprint5.Task6.V26.Lib\Tyuiu.PopkovSV.Sprint5.Task6.V26.Lib.csproj", "{1B8A745A-EF12-439B-9572-62F0E6351B2C}"
EndProject
Project("{FAE04EC0-301F-11D3-BF4B-00C04F79EFBC}") = "Tyuiu.PopkovSV.Sprint5.Task6.V26.Test", "Tyuiu.PopkovSV.Sprint5.Task6.V26.Test\Tyuiu.PopkovSV.Sprint5.Task6.V26.Test.csproj", "{82455E91-72E1-4F94-8253-781CE248BCF5}"
EndProject
Project("{2150E333-8FDC-42A3-9474-1A3956D46DE8}") = "Task7", "Task7", "{3B9FACB7-688B-4C28-A195-AB509B1CC2B8}"
EndProject
Project("{FAE04EC0-301F-11D3-BF4B-00C04F79EFBC}") = "Tyuiu.PopkovSV.Sprint5.Task7.V4", "Tyuiu.PopkovSV.Sprint5.Task7.V4\Tyuiu.PopkovSV.Sprint5.Task7.V4.csproj", "{18BE6EE2-7636-4708-AD58-352E364E8760}"
EndProject
Project("{FAE04EC0-301F-11D3-BF4B-00C04F79EFBC}") = "Tyuiu.PopkovSV.Sprint5.Task7.V4.Lib", "Tyuiu.PopkovSV.Sprint5.Task7.V4.Lib\Tyuiu.PopkovSV.Sprint5.Task7.V4.Lib.csproj", "{2BB45341-4B5E-400A-92B2-A62FBCB0AFD1}"
EndProject
Project("{FAE04EC0-301F-11D3-BF4B-00C04F79EFBC}") = "Tyuiu.PopkovSV.Sprint5.Task7.V4.Test", "Tyuiu.PopkovSV.Sprint5.Task7.V4.Test\Tyuiu.PopkovSV.Sprint5.Task7.V4.Test.csproj", "{4588F7DB-6C73-484B-A989-7B65210A1663}"
EndProject
Global
	GlobalSection(SolutionConfigurationPlatforms) = preSolution
		Debug|Any CPU = Debug|Any CPU
		Release|Any CPU = Release|Any CPU
	EndGlobalSection
	GlobalSection(ProjectConfigurationPlatforms) = postSolution
		{E8C271DF-8FC8-4E4F-AB0C-C910C9238CAD}.Debug|Any CPU.ActiveCfg = Debug|Any CPU
		{E8C271DF-8FC8-4E4F-AB0C-C910C9238CAD}.Debug|Any CPU.Build.0 = Debug|Any CPU
		{E8C271DF-8FC8-4E4F-AB0C-C910C9238CAD}.Release|Any CPU.ActiveCfg = Release|Any CPU
		{E8C271DF-8FC8-4E4F-AB0C-C910C9238CAD}.Release|Any CPU.Build.0 = Release|Any CPU
		{90AD9991-8D84-4FED-B129-4E95087FE0F8}.Debug|Any CPU.ActiveCfg = Debug|Any CPU
		{90AD9991-8D84-4FED-B129-4E95087FE0F8}.Debug|Any CPU.Build.0 = Debug|Any CPU
		{90AD9991-8D84-4FED-B129-4E95087FE0F8}.Release|Any CPU.ActiveCfg = Release|Any CPU
		{90AD9991-8D84-4FED-B129-4E95087FE0F8}.Release|Any CPU.Build.0 = Release|Any CPU
		{385B4A98-566F-459B-A3CA-2203DC3E0909}.Debug|Any CPU.ActiveCfg = Debug|Any CPU
		{385B4A98-566F-459B-A3CA-2203DC3E0909}.Debug|Any CPU.Build.0 = Debug|Any CPU
		{385B4A98-566F-459B-A3CA-2203DC3E0909}.Release|Any CPU.ActiveCfg = Release|Any CPU
		{385B4A98-566F-459B-A3CA-2203DC3E0909}.Release|Any CPU.Build.0 = Release|Any CPU
		{2C807959-CFD2-48D4-9D4C-7412513583F1}.Debug|Any CPU.ActiveCfg = Debug|Any CPU
		{2C807959-CFD2-48D4-9D4C-7412513583F1}.Debug|Any CPU.Build.0 = Debug|Any CPU
		{2C807959-CFD2-48D4-9D4C-7412513583F1}.Release|Any CPU.ActiveCfg = Release|Any CPU
		{2C807959-CFD2-48D4-9D4C-7412513583F1}.Release|Any CPU.Build.0 = Release|Any CPU
		{36AF3444-4E02-4021-8DD0-167AD63DF46A}.Debug|Any CPU.ActiveCfg = Debug|Any CPU
		{36AF3444-4E02-4021-8DD0-167AD63DF46A}.Debug|Any CPU.Build.0 = Debug|Any CPU
		{36AF3444-4E02-4021-8DD0-167AD63DF46A}.Release|Any CPU.ActiveCfg = Release|Any CPU
		{36AF3444-4E02-4021-8DD0-167AD63DF46A}.Release|Any CPU.Build.0 = Release|Any CPU
		{23DB9ED1-60C6-4B47-996A-72C891EDF450}.Debug|Any CPU.ActiveCfg = Debug|Any CPU
		{23DB9ED1-60C6-4B47-996A-72C891EDF450}.Debug|Any CPU.Build.0 = Debug|Any CPU
		{23DB9ED1-60C6-4B47-996A-72C891EDF450}.Release|Any CPU.ActiveCfg = Release|Any CPU
		{23DB9ED1-60C6-4B47-996A-72C891EDF450}.Release|Any CPU.Build.0 = Release|Any CPU
		{7B15006D-64D5-427E-8A06-154B64F429A0}.Debug|Any CPU.ActiveCfg = Debug|Any CPU
		{7B15006D-64D5-427E-8A06-154B64F429A0}.Debug|Any CPU.Build.0 = Debug|Any CPU
		{7B15006D-64D5-427E-8A06-154B64F429A0}.Release|Any CPU.ActiveCfg = Release|Any CPU
		{7B15006D-64D5-427E-8A06-154B64F429A0}.Release|Any CPU.Build.0 = Release|Any CPU
		{D0457D2B-898E-41B6-881D-BB78A9833416}.Debug|Any CPU.ActiveCfg = Debug|Any CPU
		{D0457D2B-898E-41B6-881D-BB78A9833416}.Debug|Any CPU.Build.0 = Debug|Any CPU
		{D0457D2B-898E-41B6-881D-BB78A9833416}.Release|Any CPU.ActiveCfg = Release|Any CPU
		{D0457D2B-898E-41B6-881D-BB78A9833416}.Release|Any CPU.Build.0 = Release|Any CPU
		{E14C36A9-F843-472D-8169-2C547D74864A}.Debug|Any CPU.ActiveCfg = Debug|Any CPU
		{E14C36A9-F843-472D-8169-2C547D74864A}.Debug|Any CPU.Build.0 = Debug|Any CPU
		{E14C36A9-F843-472D-8169-2C547D74864A}.Release|Any CPU.ActiveCfg = Release|Any CPU
		{E14C36A9-F843-472D-8169-2C547D74864A}.Release|Any CPU.Build.0 = Release|Any CPU
		{639D4F46-07A8-4D50-90C9-2C478F62E586}.Debug|Any CPU.ActiveCfg = Debug|Any CPU
		{639D4F46-07A8-4D50-90C9-2C478F62E586}.Debug|Any CPU.Build.0 = Debug|Any CPU
		{639D4F46-07A8-4D50-90C9-2C478F62E586}.Release|Any CPU.ActiveCfg = Release|Any CPU
		{639D4F46-07A8-4D50-90C9-2C478F62E586}.Release|Any CPU.Build.0 = Release|Any CPU
		{557675BC-D9C1-41BC-A78D-D23BB5630A01}.Debug|Any CPU.ActiveCfg = Debug|Any CPU
		{557675BC-D9C1-41BC-A78D-D23BB5630A01}.Debug|Any CPU.Build.0 = Debug|Any CPU
		{557675BC-D9C1-41BC-A78D-D23BB5630A01}.Release|Any CPU.ActiveCfg = Release|Any CPU
		{557675BC-D9C1-41BC-A78D-D23BB5630A01}.Release|Any CPU.Build.0 = Release|Any CPU
		{EDA38475-424C-4EB5-9A29-03B78E9ABCC0}.Debug|Any CPU.ActiveCfg = Debug|Any CPU
		{EDA38475-424C-4EB5-9A29-03B78E9ABCC0}.Debug|Any CPU.Build.0 = Debug|Any CPU
		{EDA38475-424C-4EB5-9A29-03B78E9ABCC0}.Release|Any CPU.ActiveCfg = Release|Any CPU
		{EDA38475-424C-4EB5-9A29-03B78E9ABCC0}.Release|Any CPU.Build.0 = Release|Any CPU
		{49E04EF0-DC80-408F-8426-CFA3024DFFD2}.Debug|Any CPU.ActiveCfg = Debug|Any CPU
		{49E04EF0-DC80-408F-8426-CFA3024DFFD2}.Debug|Any CPU.Build.0 = Debug|Any CPU
		{49E04EF0-DC80-408F-8426-CFA3024DFFD2}.Release|Any CPU.ActiveCfg = Release|Any CPU
		{49E04EF0-DC80-408F-8426-CFA3024DFFD2}.Release|Any CPU.Build.0 = Release|Any CPU
		{82D89510-4566-4600-80BE-EA57FED6846A}.Debug|Any CPU.ActiveCfg = Debug|Any CPU
		{82D89510-4566-4600-80BE-EA57FED6846A}.Debug|Any CPU.Build.0 = Debug|Any CPU
		{82D89510-4566-4600-80BE-EA57FED6846A}.Release|Any CPU.ActiveCfg = Release|Any CPU
		{82D89510-4566-4600-80BE-EA57FED6846A}.Release|Any CPU.Build.0 = Release|Any CPU
		{6280C706-4F25-49CC-8AF4-0D9C35EE53DB}.Debug|Any CPU.ActiveCfg = Debug|Any CPU
		{6280C706-4F25-49CC-8AF4-0D9C35EE53DB}.Debug|Any CPU.Build.0 = Debug|Any CPU
		{6280C706-4F25-49CC-8AF4-0D9C35EE53DB}.Release|Any CPU.ActiveCfg = Release|Any CPU
		{6280C706-4F25-49CC-8AF4-0D9C35EE53DB}.Release|Any CPU.Build.0 = Release|Any CPU
		{613C5309-8D44-4792-9102-A803354E3AAE}.Debug|Any CPU.ActiveCfg = Debug|Any CPU
		{613C5309-8D44-4792-9102-A803354E3AAE}.Debug|Any CPU.Build.0 = Debug|Any CPU
		{613C5309-8D44-4792-9102-A803354E3AAE}.Release|Any CPU.ActiveCfg = Release|Any CPU
		{613C5309-8D44-4792-9102-A803354E3AAE}.Release|Any CPU.Build.0 = Release|Any CPU
		{6E1948D2-F1BC-45B8-9437-51793FD16083}.Debug|Any CPU.ActiveCfg = Debug|Any CPU
		{6E1948D2-F1BC-45B8-9437-51793FD16083}.Debug|Any CPU.Build.0 = Debug|Any CPU
		{6E1948D2-F1BC-45B8-9437-51793FD16083}.Release|Any CPU.ActiveCfg = Release|Any CPU
		{6E1948D2-F1BC-45B8-9437-51793FD16083}.Release|Any CPU.Build.0 = Release|Any CPU
		{F412F76F-E9A3-4592-8E56-8C32A16E377B}.Debug|Any CPU.ActiveCfg = Debug|Any CPU
		{F412F76F-E9A3-4592-8E56-8C32A16E377B}.Debug|Any CPU.Build.0 = Debug|Any CPU
		{F412F76F-E9A3-4592-8E56-8C32A16E377B}.Release|Any CPU.ActiveCfg = Release|Any CPU
		{F412F76F-E9A3-4592-8E56-8C32A16E377B}.Release|Any CPU.Build.0 = Release|Any CPU
		{17117474-EC43-423C-8159-689CB59242EE}.Debug|Any CPU.ActiveCfg = Debug|Any CPU
		{17117474-EC43-423C-8159-689CB59242EE}.Debug|Any CPU.Build.0 = Debug|Any CPU
		{17117474-EC43-423C-8159-689CB59242EE}.Release|Any CPU.ActiveCfg = Release|Any CPU
		{17117474-EC43-423C-8159-689CB59242EE}.Release|Any CPU.Build.0 = Release|Any CPU
		{1B8A745A-EF12-439B-9572-62F0E6351B2C}.Debug|Any CPU.ActiveCfg = Debug|Any CPU
		{1B8A745A-EF12-439B-9572-62F0E6351B2C}.Debug|Any CPU.Build.0 = Debug|Any CPU
		{1B8A745A-EF12-439B-9572-62F0E6351B2C}.Release|Any CPU.ActiveCfg = Release|Any CPU
		{1B8A745A-EF12-439B-9572-62F0E6351B2C}.Release|Any CPU.Build.0 = Release|Any CPU
		{82455E91-72E1-4F94-8253-781CE248BCF5}.Debug|Any CPU.ActiveCfg = Debug|Any CPU
		{82455E91-72E1-4F94-8253-781CE248BCF5}.Debug|Any CPU.Build.0 = Debug|Any CPU
		{82455E91-72E1-4F94-8253-781CE248BCF5}.Release|Any CPU.ActiveCfg = Release|Any CPU
		{82455E91-72E1-4F94-8253-781CE248BCF5}.Release|Any CPU.Build.0 = Release|Any CPU
		{18BE6EE2-7636-4708-AD58-352E364E8760}.Debug|Any CPU.ActiveCfg = Debug|Any CPU
		{18BE6EE2-7636-4708-AD58-352E364E8760}.Debug|Any CPU.Build.0 = Debug|Any CPU
		{18BE6EE2-7636-4708-AD58-352E364E8760}.Release|Any CPU.ActiveCfg = Release|Any CPU
		{18BE6EE2-7636-4708-AD58-352E364E8760}.Release|Any CPU.Build.0 = Release|Any CPU
		{2BB45341-4B5E-400A-92B2-A62FBCB0AFD1}.Debug|Any CPU.ActiveCfg = Debug|Any CPU
		{2BB45341-4B5E-400A-92B2-A62FBCB0AFD1}.Debug|Any CPU.Build.0 = Debug|Any CPU
		{2BB45341-4B5E-400A-92B2-A62FBCB0AFD1}.Release|Any CPU.ActiveCfg = Release|Any CPU
		{2BB45341-4B5E-400A-92B2-A62FBCB0AFD1}.Release|Any CPU.Build.0 = Release|Any CPU
		{4588F7DB-6C73-484B-A989-7B65210A1663}.Debug|Any CPU.ActiveCfg = Debug|Any CPU
		{4588F7DB-6C73-484B-A989-7B65210A1663}.Debug|Any CPU.Build.0 = Debug|Any CPU
		{4588F7DB-6C73-484B-A989-7B65210A1663}.Release|Any CPU.ActiveCfg = Release|Any CPU
		{4588F7DB-6C73-484B-A989-7B65210A1663}.Release|Any CPU.Build.0 = Release|Any CPU
	EndGlobalSection
	GlobalSection(SolutionProperties) = preSolution
		HideSolutionNode = FALSE
	EndGlobalSection
	GlobalSection(NestedProjects) = preSolution
		{E8C271DF-8FC8-4E4F-AB0C-C910C9238CAD} = {2ED1BEE1-9F97-49FD-974E-933A60701D03}
		{90AD9991-8D84-4FED-B129-4E95087FE0F8} = {2ED1BEE1-9F97-49FD-974E-933A60701D03}
		{385B4A98-566F-459B-A3CA-2203DC3E0909} = {2ED1BEE1-9F97-49FD-974E-933A60701D03}
		{2C807959-CFD2-48D4-9D4C-7412513583F1} = {D2905078-1202-40EF-BEEB-4AB849C5A6C9}
		{36AF3444-4E02-4021-8DD0-167AD63DF46A} = {D2905078-1202-40EF-BEEB-4AB849C5A6C9}
		{23DB9ED1-60C6-4B47-996A-72C891EDF450} = {D2905078-1202-40EF-BEEB-4AB849C5A6C9}
		{7B15006D-64D5-427E-8A06-154B64F429A0} = {B910C84D-8C95-4850-962D-A589C087549F}
		{D0457D2B-898E-41B6-881D-BB78A9833416} = {B910C84D-8C95-4850-962D-A589C087549F}
		{E14C36A9-F843-472D-8169-2C547D74864A} = {B910C84D-8C95-4850-962D-A589C087549F}
		{639D4F46-07A8-4D50-90C9-2C478F62E586} = {673BB383-8743-404F-9B69-F2397B405840}
		{557675BC-D9C1-41BC-A78D-D23BB5630A01} = {673BB383-8743-404F-9B69-F2397B405840}
		{EDA38475-424C-4EB5-9A29-03B78E9ABCC0} = {673BB383-8743-404F-9B69-F2397B405840}
		{49E04EF0-DC80-408F-8426-CFA3024DFFD2} = {FCED59C9-7440-45EA-AF45-97EE0223B338}
		{82D89510-4566-4600-80BE-EA57FED6846A} = {FCED59C9-7440-45EA-AF45-97EE0223B338}
		{6280C706-4F25-49CC-8AF4-0D9C35EE53DB} = {FCED59C9-7440-45EA-AF45-97EE0223B338}
		{613C5309-8D44-4792-9102-A803354E3AAE} = {87348EE4-C947-4CB2-9B77-A3D5C230A2E6}
		{6E1948D2-F1BC-45B8-9437-51793FD16083} = {87348EE4-C947-4CB2-9B77-A3D5C230A2E6}
		{F412F76F-E9A3-4592-8E56-8C32A16E377B} = {87348EE4-C947-4CB2-9B77-A3D5C230A2E6}
		{17117474-EC43-423C-8159-689CB59242EE} = {BBE143E8-D3CB-4482-A9D5-D1F8CDAA78E8}
		{1B8A745A-EF12-439B-9572-62F0E6351B2C} = {BBE143E8-D3CB-4482-A9D5-D1F8CDAA78E8}
		{82455E91-72E1-4F94-8253-781CE248BCF5} = {BBE143E8-D3CB-4482-A9D5-D1F8CDAA78E8}
		{18BE6EE2-7636-4708-AD58-352E364E8760} = {3B9FACB7-688B-4C28-A195-AB509B1CC2B8}
		{2BB45341-4B5E-400A-92B2-A62FBCB0AFD1} = {3B9FACB7-688B-4C28-A195-AB509B1CC2B8}
		{4588F7DB-6C73-484B-A989-7B65210A1663} = {3B9FACB7-688B-4C28-A195-AB509B1CC2B8}
	EndGlobalSection
	GlobalSection(ExtensibilityGlobals) = postSolution
		SolutionGuid = {537FD3A7-B12B-4CE0-A19A-8D0820191769}
	EndGlobalSection
EndGlobal
